
Microsoft Visual Studio Solution File, Format Version 12.00
# Visual Studio Version 16
VisualStudioVersion = 16.0.31112.23
MinimumVisualStudioVersion = 10.0.40219.1
Project("{FAE04EC0-301F-11D3-BF4B-00C04F79EFBC}") = "Task01", "Task01\Task01.csproj", "{C60C3ED7-8F04-43E7-A26A-B2A60A9B34E2}"
EndProject
Project("{FAE04EC0-301F-11D3-BF4B-00C04F79EFBC}") = "Task02", "Task02\Task02.csproj", "{AB01FECE-DCC2-4E30-B2E8-869E57718418}"
EndProject
Project("{FAE04EC0-301F-11D3-BF4B-00C04F79EFBC}") = "Task03", "Task03\Task03.csproj", "{24681066-D735-4FC0-A012-F85F12D3A1E4}"
EndProject
Global
	GlobalSection(SolutionConfigurationPlatforms) = preSolution
		Debug|Any CPU = Debug|Any CPU
		Release|Any CPU = Release|Any CPU
	EndGlobalSection
	GlobalSection(ProjectConfigurationPlatforms) = postSolution
		{C60C3ED7-8F04-43E7-A26A-B2A60A9B34E2}.Debug|Any CPU.ActiveCfg = Debug|Any CPU
		{C60C3ED7-8F04-43E7-A26A-B2A60A9B34E2}.Debug|Any CPU.Build.0 = Debug|Any CPU
		{C60C3ED7-8F04-43E7-A26A-B2A60A9B34E2}.Release|Any CPU.ActiveCfg = Release|Any CPU
		{C60C3ED7-8F04-43E7-A26A-B2A60A9B34E2}.Release|Any CPU.Build.0 = Release|Any CPU
		{AB01FECE-DCC2-4E30-B2E8-869E57718418}.Debug|Any CPU.ActiveCfg = Debug|Any CPU
		{AB01FECE-DCC2-4E30-B2E8-869E57718418}.Debug|Any CPU.Build.0 = Debug|Any CPU
		{AB01FECE-DCC2-4E30-B2E8-869E57718418}.Release|Any CPU.ActiveCfg = Release|Any CPU
		{AB01FECE-DCC2-4E30-B2E8-869E57718418}.Release|Any CPU.Build.0 = Release|Any CPU
		{24681066-D735-4FC0-A012-F85F12D3A1E4}.Debug|Any CPU.ActiveCfg = Debug|Any CPU
		{24681066-D735-4FC0-A012-F85F12D3A1E4}.Debug|Any CPU.Build.0 = Debug|Any CPU
		{24681066-D735-4FC0-A012-F85F12D3A1E4}.Release|Any CPU.ActiveCfg = Release|Any CPU
		{24681066-D735-4FC0-A012-F85F12D3A1E4}.Release|Any CPU.Build.0 = Release|Any CPU
	EndGlobalSection
	GlobalSection(SolutionProperties) = preSolution
		HideSolutionNode = FALSE
	EndGlobalSection
	GlobalSection(ExtensibilityGlobals) = postSolution
		SolutionGuid = {CC3DDB9A-FDC6-4A1D-8511-FB6FBB432BB8}
	EndGlobalSection
EndGlobal
