
Microsoft Visual Studio Solution File, Format Version 12.00
# Visual Studio Version 16
VisualStudioVersion = 16.0.31112.23
MinimumVisualStudioVersion = 10.0.40219.1
Project("{FAE04EC0-301F-11D3-BF4B-00C04F79EFBC}") = "Homework-02_Task1", "Homework-02_Task1\Homework-02_Task1.csproj", "{915819FF-52CB-4165-8876-9737D2D2178E}"
EndProject
Project("{FAE04EC0-301F-11D3-BF4B-00C04F79EFBC}") = "Homework-02_Task2", "Homework-02_Task2\Homework-02_Task2.csproj", "{84236513-63D0-480B-AB7E-7F0F74A0E03E}"
EndProject
Project("{FAE04EC0-301F-11D3-BF4B-00C04F79EFBC}") = "Homework-02_Task3", "Homework-02_Task3\Homework-02_Task3.csproj", "{A3F23713-103F-495D-93D2-9D745590DE4F}"
EndProject
Global
	GlobalSection(SolutionConfigurationPlatforms) = preSolution
		Debug|Any CPU = Debug|Any CPU
		Release|Any CPU = Release|Any CPU
	EndGlobalSection
	GlobalSection(ProjectConfigurationPlatforms) = postSolution
		{915819FF-52CB-4165-8876-9737D2D2178E}.Debug|Any CPU.ActiveCfg = Debug|Any CPU
		{915819FF-52CB-4165-8876-9737D2D2178E}.Debug|Any CPU.Build.0 = Debug|Any CPU
		{915819FF-52CB-4165-8876-9737D2D2178E}.Release|Any CPU.ActiveCfg = Release|Any CPU
		{915819FF-52CB-4165-8876-9737D2D2178E}.Release|Any CPU.Build.0 = Release|Any CPU
		{84236513-63D0-480B-AB7E-7F0F74A0E03E}.Debug|Any CPU.ActiveCfg = Debug|Any CPU
		{84236513-63D0-480B-AB7E-7F0F74A0E03E}.Debug|Any CPU.Build.0 = Debug|Any CPU
		{84236513-63D0-480B-AB7E-7F0F74A0E03E}.Release|Any CPU.ActiveCfg = Release|Any CPU
		{84236513-63D0-480B-AB7E-7F0F74A0E03E}.Release|Any CPU.Build.0 = Release|Any CPU
		{A3F23713-103F-495D-93D2-9D745590DE4F}.Debug|Any CPU.ActiveCfg = Debug|Any CPU
		{A3F23713-103F-495D-93D2-9D745590DE4F}.Debug|Any CPU.Build.0 = Debug|Any CPU
		{A3F23713-103F-495D-93D2-9D745590DE4F}.Release|Any CPU.ActiveCfg = Release|Any CPU
		{A3F23713-103F-495D-93D2-9D745590DE4F}.Release|Any CPU.Build.0 = Release|Any CPU
	EndGlobalSection
	GlobalSection(SolutionProperties) = preSolution
		HideSolutionNode = FALSE
	EndGlobalSection
	GlobalSection(ExtensibilityGlobals) = postSolution
		SolutionGuid = {D34CD745-C783-4845-947A-28E7F1553B29}
	EndGlobalSection
EndGlobal
