
Microsoft Visual Studio Solution File, Format Version 12.00
# Visual Studio Version 16
VisualStudioVersion = 16.0.31112.23
MinimumVisualStudioVersion = 10.0.40219.1
Project("{FAE04EC0-301F-11D3-BF4B-00C04F79EFBC}") = "SumOfEven", "SumOfEven\SumOfEven.csproj", "{EFCC3CA1-48DA-476E-8C7D-FC4AAFDAF0F6}"
EndProject
Project("{FAE04EC0-301F-11D3-BF4B-00C04F79EFBC}") = "StudentGroup", "StudentGroup\StudentGroup.csproj", "{FC19A657-070B-43B4-A701-D51CF34E1611}"
EndProject
Global
	GlobalSection(SolutionConfigurationPlatforms) = preSolution
		Debug|Any CPU = Debug|Any CPU
		Release|Any CPU = Release|Any CPU
	EndGlobalSection
	GlobalSection(ProjectConfigurationPlatforms) = postSolution
		{EFCC3CA1-48DA-476E-8C7D-FC4AAFDAF0F6}.Debug|Any CPU.ActiveCfg = Debug|Any CPU
		{EFCC3CA1-48DA-476E-8C7D-FC4AAFDAF0F6}.Debug|Any CPU.Build.0 = Debug|Any CPU
		{EFCC3CA1-48DA-476E-8C7D-FC4AAFDAF0F6}.Release|Any CPU.ActiveCfg = Release|Any CPU
		{EFCC3CA1-48DA-476E-8C7D-FC4AAFDAF0F6}.Release|Any CPU.Build.0 = Release|Any CPU
		{FC19A657-070B-43B4-A701-D51CF34E1611}.Debug|Any CPU.ActiveCfg = Debug|Any CPU
		{FC19A657-070B-43B4-A701-D51CF34E1611}.Debug|Any CPU.Build.0 = Debug|Any CPU
		{FC19A657-070B-43B4-A701-D51CF34E1611}.Release|Any CPU.ActiveCfg = Release|Any CPU
		{FC19A657-070B-43B4-A701-D51CF34E1611}.Release|Any CPU.Build.0 = Release|Any CPU
	EndGlobalSection
	GlobalSection(SolutionProperties) = preSolution
		HideSolutionNode = FALSE
	EndGlobalSection
	GlobalSection(ExtensibilityGlobals) = postSolution
		SolutionGuid = {CCD0F66C-3371-4F87-9B7A-A652FAE4BCEF}
	EndGlobalSection
EndGlobal
