
Microsoft Visual Studio Solution File, Format Version 12.00
# Visual Studio Version 16
VisualStudioVersion = 16.0.31112.23
MinimumVisualStudioVersion = 10.0.40219.1
Project("{FAE04EC0-301F-11D3-BF4B-00C04F79EFBC}") = "Homework_02_Task01", "Homework_02_Task01\Homework_02_Task01.csproj", "{997F6766-9F11-41FA-9F43-6934970FDE90}"
EndProject
Project("{FAE04EC0-301F-11D3-BF4B-00C04F79EFBC}") = "Homework_02_Task02", "Homework_02_Task02\Homework_02_Task02.csproj", "{23AD5D41-CCBA-4DA9-BE59-E5CFA2E405A0}"
EndProject
Project("{FAE04EC0-301F-11D3-BF4B-00C04F79EFBC}") = "Homework_02_Task03", "Homework_02_Task03\Homework_02_Task03.csproj", "{1EDF6397-BBB3-4E67-B360-AE99ABFF0968}"
EndProject
Global
	GlobalSection(SolutionConfigurationPlatforms) = preSolution
		Debug|Any CPU = Debug|Any CPU
		Release|Any CPU = Release|Any CPU
	EndGlobalSection
	GlobalSection(ProjectConfigurationPlatforms) = postSolution
		{997F6766-9F11-41FA-9F43-6934970FDE90}.Debug|Any CPU.ActiveCfg = Debug|Any CPU
		{997F6766-9F11-41FA-9F43-6934970FDE90}.Debug|Any CPU.Build.0 = Debug|Any CPU
		{997F6766-9F11-41FA-9F43-6934970FDE90}.Release|Any CPU.ActiveCfg = Release|Any CPU
		{997F6766-9F11-41FA-9F43-6934970FDE90}.Release|Any CPU.Build.0 = Release|Any CPU
		{23AD5D41-CCBA-4DA9-BE59-E5CFA2E405A0}.Debug|Any CPU.ActiveCfg = Debug|Any CPU
		{23AD5D41-CCBA-4DA9-BE59-E5CFA2E405A0}.Debug|Any CPU.Build.0 = Debug|Any CPU
		{23AD5D41-CCBA-4DA9-BE59-E5CFA2E405A0}.Release|Any CPU.ActiveCfg = Release|Any CPU
		{23AD5D41-CCBA-4DA9-BE59-E5CFA2E405A0}.Release|Any CPU.Build.0 = Release|Any CPU
		{1EDF6397-BBB3-4E67-B360-AE99ABFF0968}.Debug|Any CPU.ActiveCfg = Debug|Any CPU
		{1EDF6397-BBB3-4E67-B360-AE99ABFF0968}.Debug|Any CPU.Build.0 = Debug|Any CPU
		{1EDF6397-BBB3-4E67-B360-AE99ABFF0968}.Release|Any CPU.ActiveCfg = Release|Any CPU
		{1EDF6397-BBB3-4E67-B360-AE99ABFF0968}.Release|Any CPU.Build.0 = Release|Any CPU
	EndGlobalSection
	GlobalSection(SolutionProperties) = preSolution
		HideSolutionNode = FALSE
	EndGlobalSection
	GlobalSection(ExtensibilityGlobals) = postSolution
		SolutionGuid = {BA212924-FB0A-4D2E-86AF-040A19A1F44E}
	EndGlobalSection
EndGlobal
